
Microsoft Visual Studio Solution File, Format Version 12.00
# Visual Studio Version 16
VisualStudioVersion = 16.0.31205.134
MinimumVisualStudioVersion = 10.0.40219.1
Project("{FAE04EC0-301F-11D3-BF4B-00C04F79EFBC}") = "Exercicio", "Exercicio.csproj", "{6DDBED54-398C-4C7E-9B1B-840E778EE035}"
EndProject
Global
	GlobalSection(SolutionConfigurationPlatforms) = preSolution
		Debug|Any CPU = Debug|Any CPU
		Release|Any CPU = Release|Any CPU
	EndGlobalSection
	GlobalSection(ProjectConfigurationPlatforms) = postSolution
		{6DDBED54-398C-4C7E-9B1B-840E778EE035}.Debug|Any CPU.ActiveCfg = Debug|Any CPU
		{6DDBED54-398C-4C7E-9B1B-840E778EE035}.Debug|Any CPU.Build.0 = Debug|Any CPU
		{6DDBED54-398C-4C7E-9B1B-840E778EE035}.Release|Any CPU.ActiveCfg = Release|Any CPU
		{6DDBED54-398C-4C7E-9B1B-840E778EE035}.Release|Any CPU.Build.0 = Release|Any CPU
	EndGlobalSection
	GlobalSection(SolutionProperties) = preSolution
		HideSolutionNode = FALSE
	EndGlobalSection
	GlobalSection(ExtensibilityGlobals) = postSolution
		SolutionGuid = {FDE45F7E-0BCC-42E4-B365-D768D1AEA433}
	EndGlobalSection
EndGlobal
